// !$*UTF8*$!
{
	archiveVersion = 1;
	classes = {
	};
	objectVersion = 46;
	objects = {

/* Begin PBXBuildFile section */
		493415DF962F52BCBD604F0D /* libPods.a in Frameworks */ = {isa = PBXBuildFile; fileRef = 667724B483AFC2DF1DFCB3D7 /* libPods.a */; };
		741BEFCF1BADB69000D819FF /* DMLOnboardingEnablerViewController.m in Sources */ = {isa = PBXBuildFile; fileRef = 741BEFCD1BADB69000D819FF /* DMLOnboardingEnablerViewController.m */; settings = {ASSET_TAGS = (); }; };
		741BEFD01BADB69000D819FF /* DMLOnboardingEnablerViewController.xib in Resources */ = {isa = PBXBuildFile; fileRef = 741BEFCE1BADB69000D819FF /* DMLOnboardingEnablerViewController.xib */; settings = {ASSET_TAGS = (); }; };
		88276FA81BAD9D35002886B4 /* DMLLocationManager.m in Sources */ = {isa = PBXBuildFile; fileRef = 88276FA71BAD9D35002886B4 /* DMLLocationManager.m */; settings = {ASSET_TAGS = (); }; };
		88276FAE1BADA81C002886B4 /* DMLOnboardingViewController.xib in Resources */ = {isa = PBXBuildFile; fileRef = 88276FAD1BADA81C002886B4 /* DMLOnboardingViewController.xib */; settings = {ASSET_TAGS = (); }; };
		88276FB01BADA831002886B4 /* DMLOnboardingNameViewController.xib in Resources */ = {isa = PBXBuildFile; fileRef = 88276FAF1BADA831002886B4 /* DMLOnboardingNameViewController.xib */; settings = {ASSET_TAGS = (); }; };
		88276FB41BADBB2F002886B4 /* DMLNoCarpoolsViewController.m in Sources */ = {isa = PBXBuildFile; fileRef = 88276FB21BADBB2F002886B4 /* DMLNoCarpoolsViewController.m */; settings = {ASSET_TAGS = (); }; };
		88276FB51BADBB2F002886B4 /* DMLNoCarpoolsViewController.xib in Resources */ = {isa = PBXBuildFile; fileRef = 88276FB31BADBB2F002886B4 /* DMLNoCarpoolsViewController.xib */; settings = {ASSET_TAGS = (); }; };
		88276FB91BADBB79002886B4 /* DMLCarpoolListViewController.m in Sources */ = {isa = PBXBuildFile; fileRef = 88276FB71BADBB79002886B4 /* DMLCarpoolListViewController.m */; settings = {ASSET_TAGS = (); }; };
		88276FBA1BADBB79002886B4 /* DMLCarpoolListViewController.xib in Resources */ = {isa = PBXBuildFile; fileRef = 88276FB81BADBB79002886B4 /* DMLCarpoolListViewController.xib */; settings = {ASSET_TAGS = (); }; };
		88276FBE1BADBBB5002886B4 /* DMLEnRouteViewController.m in Sources */ = {isa = PBXBuildFile; fileRef = 88276FBC1BADBBB5002886B4 /* DMLEnRouteViewController.m */; settings = {ASSET_TAGS = (); }; };
		88276FBF1BADBBB5002886B4 /* DMLEnRouteViewController.xib in Resources */ = {isa = PBXBuildFile; fileRef = 88276FBD1BADBBB5002886B4 /* DMLEnRouteViewController.xib */; settings = {ASSET_TAGS = (); }; };
		88276FC91BADD6FF002886B4 /* DMLJoinViewController.m in Sources */ = {isa = PBXBuildFile; fileRef = 88276FC71BADD6FF002886B4 /* DMLJoinViewController.m */; settings = {ASSET_TAGS = (); }; };
		88276FCA1BADD6FF002886B4 /* DMLJoinViewController.xib in Resources */ = {isa = PBXBuildFile; fileRef = 88276FC81BADD6FF002886B4 /* DMLJoinViewController.xib */; settings = {ASSET_TAGS = (); }; };
		88276FCE1BADD71A002886B4 /* DMLCreateCarpoolViewController.m in Sources */ = {isa = PBXBuildFile; fileRef = 88276FCC1BADD71A002886B4 /* DMLCreateCarpoolViewController.m */; settings = {ASSET_TAGS = (); }; };
		88276FCF1BADD71A002886B4 /* DMLCreateCarpoolViewController.xib in Resources */ = {isa = PBXBuildFile; fileRef = 88276FCD1BADD71A002886B4 /* DMLCreateCarpoolViewController.xib */; settings = {ASSET_TAGS = (); }; };
		88276FD31BADD72D002886B4 /* DMLCarpoolCodeViewController.m in Sources */ = {isa = PBXBuildFile; fileRef = 88276FD11BADD72D002886B4 /* DMLCarpoolCodeViewController.m */; settings = {ASSET_TAGS = (); }; };
		88276FD41BADD72D002886B4 /* DMLCarpoolCodeViewController.xib in Resources */ = {isa = PBXBuildFile; fileRef = 88276FD21BADD72D002886B4 /* DMLCarpoolCodeViewController.xib */; settings = {ASSET_TAGS = (); }; };
		88276FD81BADF11B002886B4 /* DMLCarpoolDetailViewController.m in Sources */ = {isa = PBXBuildFile; fileRef = 88276FD61BADF11B002886B4 /* DMLCarpoolDetailViewController.m */; settings = {ASSET_TAGS = (); }; };
		88276FEA1BADF5C7002886B4 /* DMLCodeTableViewCell.m in Sources */ = {isa = PBXBuildFile; fileRef = 88276FE81BADF5C7002886B4 /* DMLCodeTableViewCell.m */; settings = {ASSET_TAGS = (); }; };
		88276FEB1BADF5C7002886B4 /* DMLCodeTableViewCell.xib in Resources */ = {isa = PBXBuildFile; fileRef = 88276FE91BADF5C7002886B4 /* DMLCodeTableViewCell.xib */; settings = {ASSET_TAGS = (); }; };
		88276FF21BADF5E4002886B4 /* DMLOpenTableViewCell.m in Sources */ = {isa = PBXBuildFile; fileRef = 88276FED1BADF5E4002886B4 /* DMLOpenTableViewCell.m */; settings = {ASSET_TAGS = (); }; };
		88276FF31BADF5E4002886B4 /* DMLOpenTableViewCell.xib in Resources */ = {isa = PBXBuildFile; fileRef = 88276FEE1BADF5E4002886B4 /* DMLOpenTableViewCell.xib */; settings = {ASSET_TAGS = (); }; };
		88276FF41BADF5E4002886B4 /* DMLPassengerTableViewCell.m in Sources */ = {isa = PBXBuildFile; fileRef = 88276FF01BADF5E4002886B4 /* DMLPassengerTableViewCell.m */; settings = {ASSET_TAGS = (); }; };
		88276FF51BADF5E4002886B4 /* DMLPassengerTableViewCell.xib in Resources */ = {isa = PBXBuildFile; fileRef = 88276FF11BADF5E4002886B4 /* DMLPassengerTableViewCell.xib */; settings = {ASSET_TAGS = (); }; };
		88276FFC1BAE32E7002886B4 /* DMLCarpoolTableViewCell.m in Sources */ = {isa = PBXBuildFile; fileRef = 88276FFA1BAE32E7002886B4 /* DMLCarpoolTableViewCell.m */; settings = {ASSET_TAGS = (); }; };
		88276FFD1BAE32E7002886B4 /* DMLCarpoolTableViewCell.xib in Resources */ = {isa = PBXBuildFile; fileRef = 88276FFB1BAE32E7002886B4 /* DMLCarpoolTableViewCell.xib */; settings = {ASSET_TAGS = (); }; };
		93022CC91BAD202A0032D284 /* AppDelegate.m in Sources */ = {isa = PBXBuildFile; fileRef = 93022CC21BAD202A0032D284 /* AppDelegate.m */; settings = {ASSET_TAGS = (); }; };
		93022CCA1BAD202A0032D284 /* Assets.xcassets in Resources */ = {isa = PBXBuildFile; fileRef = 93022CC31BAD202A0032D284 /* Assets.xcassets */; settings = {ASSET_TAGS = (); }; };
		93022CCD1BAD202A0032D284 /* main.m in Sources */ = {isa = PBXBuildFile; fileRef = 93022CC61BAD202A0032D284 /* main.m */; settings = {ASSET_TAGS = (); }; };
		93022CCE1BAD202A0032D284 /* ViewController.m in Sources */ = {isa = PBXBuildFile; fileRef = 93022CC81BAD202A0032D284 /* ViewController.m */; settings = {ASSET_TAGS = (); }; };
		930687481BAD336100B8F3AC /* LaunchScreen.storyboard in Resources */ = {isa = PBXBuildFile; fileRef = 930687461BAD336100B8F3AC /* LaunchScreen.storyboard */; settings = {ASSET_TAGS = (); }; };
		934EBEF01BADBE0D00E0B56B /* DMLObjectStore.m in Sources */ = {isa = PBXBuildFile; fileRef = 934EBEEF1BADBE0D00E0B56B /* DMLObjectStore.m */; settings = {ASSET_TAGS = (); }; };
		934EBEF31BADC03900E0B56B /* DMLModel+Updates.m in Sources */ = {isa = PBXBuildFile; fileRef = 934EBEF21BADC03900E0B56B /* DMLModel+Updates.m */; settings = {ASSET_TAGS = (); }; };
		934EBEF71BADC3C800E0B56B /* DMLNotificationManager.m in Sources */ = {isa = PBXBuildFile; fileRef = 934EBEF61BADC3C800E0B56B /* DMLNotificationManager.m */; settings = {ASSET_TAGS = (); }; };
		934EBEFA1BADDE5800E0B56B /* DMLJSONResponseSerializer.m in Sources */ = {isa = PBXBuildFile; fileRef = 934EBEF91BADDE5800E0B56B /* DMLJSONResponseSerializer.m */; settings = {ASSET_TAGS = (); }; };
		934EBEFC1BADEEF600E0B56B /* DMLKeychainManager.m in Sources */ = {isa = PBXBuildFile; fileRef = 88276FAA1BAD9DCD002886B4 /* DMLKeychainManager.m */; };
		934EBF031BADF05E00E0B56B /* DMLCarpool.m in Sources */ = {isa = PBXBuildFile; fileRef = 934EBF021BADF05E00E0B56B /* DMLCarpool.m */; settings = {ASSET_TAGS = (); }; };
		935E7D5B1BAD2644008F5451 /* DMLHomeViewController.m in Sources */ = {isa = PBXBuildFile; fileRef = 935E7D5A1BAD2644008F5451 /* DMLHomeViewController.m */; settings = {ASSET_TAGS = (); }; };
		935E7D5F1BAD2739008F5451 /* DMLHTTPRequestOperationManager.m in Sources */ = {isa = PBXBuildFile; fileRef = 935E7D5E1BAD2739008F5451 /* DMLHTTPRequestOperationManager.m */; settings = {ASSET_TAGS = (); }; };
		9396BA101BAD34CA0088AA93 /* DMLOnboardingViewController.m in Sources */ = {isa = PBXBuildFile; fileRef = 9396BA0F1BAD34CA0088AA93 /* DMLOnboardingViewController.m */; settings = {ASSET_TAGS = (); }; };
		9396BA131BAD34D70088AA93 /* DMLOnboardingNameViewController.m in Sources */ = {isa = PBXBuildFile; fileRef = 9396BA121BAD34D70088AA93 /* DMLOnboardingNameViewController.m */; settings = {ASSET_TAGS = (); }; };
		9396BA171BAD34F20088AA93 /* DMLSplashViewController.m in Sources */ = {isa = PBXBuildFile; fileRef = 9396BA161BAD34F20088AA93 /* DMLSplashViewController.m */; settings = {ASSET_TAGS = (); }; };
		93A3A0B91BAD20A400391C98 /* UIColor+DiamondLane.m in Sources */ = {isa = PBXBuildFile; fileRef = 93A3A0B81BAD20A400391C98 /* UIColor+DiamondLane.m */; settings = {ASSET_TAGS = (); }; };
		93A3A0BC1BAD20D600391C98 /* DMLUser.m in Sources */ = {isa = PBXBuildFile; fileRef = 93A3A0BB1BAD20D600391C98 /* DMLUser.m */; settings = {ASSET_TAGS = (); }; };
/* End PBXBuildFile section */

/* Begin PBXFileReference section */
		667724B483AFC2DF1DFCB3D7 /* libPods.a */ = {isa = PBXFileReference; explicitFileType = archive.ar; includeInIndex = 0; path = libPods.a; sourceTree = BUILT_PRODUCTS_DIR; };
		741BEFCC1BADB69000D819FF /* DMLOnboardingEnablerViewController.h */ = {isa = PBXFileReference; fileEncoding = 4; lastKnownFileType = sourcecode.c.h; path = DMLOnboardingEnablerViewController.h; sourceTree = "<group>"; };
		741BEFCD1BADB69000D819FF /* DMLOnboardingEnablerViewController.m */ = {isa = PBXFileReference; fileEncoding = 4; lastKnownFileType = sourcecode.c.objc; path = DMLOnboardingEnablerViewController.m; sourceTree = "<group>"; };
		741BEFCE1BADB69000D819FF /* DMLOnboardingEnablerViewController.xib */ = {isa = PBXFileReference; fileEncoding = 4; lastKnownFileType = file.xib; path = DMLOnboardingEnablerViewController.xib; sourceTree = "<group>"; };
		87318828D118BB35F1F08B28 /* Pods.release.xcconfig */ = {isa = PBXFileReference; includeInIndex = 1; lastKnownFileType = text.xcconfig; name = Pods.release.xcconfig; path = "Pods/Target Support Files/Pods/Pods.release.xcconfig"; sourceTree = "<group>"; };
		88276FA61BAD9D35002886B4 /* DMLLocationManager.h */ = {isa = PBXFileReference; fileEncoding = 4; lastKnownFileType = sourcecode.c.h; name = DMLLocationManager.h; path = Location/DMLLocationManager.h; sourceTree = "<group>"; };
		88276FA71BAD9D35002886B4 /* DMLLocationManager.m */ = {isa = PBXFileReference; fileEncoding = 4; lastKnownFileType = sourcecode.c.objc; name = DMLLocationManager.m; path = Location/DMLLocationManager.m; sourceTree = "<group>"; };
		88276FA91BAD9DCD002886B4 /* DMLKeychainManager.h */ = {isa = PBXFileReference; fileEncoding = 4; lastKnownFileType = sourcecode.c.h; name = DMLKeychainManager.h; path = Keychain/DMLKeychainManager.h; sourceTree = "<group>"; };
		88276FAA1BAD9DCD002886B4 /* DMLKeychainManager.m */ = {isa = PBXFileReference; fileEncoding = 4; lastKnownFileType = sourcecode.c.objc; name = DMLKeychainManager.m; path = Keychain/DMLKeychainManager.m; sourceTree = "<group>"; };
		88276FAD1BADA81C002886B4 /* DMLOnboardingViewController.xib */ = {isa = PBXFileReference; fileEncoding = 4; lastKnownFileType = file.xib; path = DMLOnboardingViewController.xib; sourceTree = "<group>"; };
		88276FAF1BADA831002886B4 /* DMLOnboardingNameViewController.xib */ = {isa = PBXFileReference; fileEncoding = 4; lastKnownFileType = file.xib; path = DMLOnboardingNameViewController.xib; sourceTree = "<group>"; };
		88276FB11BADBB2F002886B4 /* DMLNoCarpoolsViewController.h */ = {isa = PBXFileReference; fileEncoding = 4; lastKnownFileType = sourcecode.c.h; path = DMLNoCarpoolsViewController.h; sourceTree = "<group>"; };
		88276FB21BADBB2F002886B4 /* DMLNoCarpoolsViewController.m */ = {isa = PBXFileReference; fileEncoding = 4; lastKnownFileType = sourcecode.c.objc; path = DMLNoCarpoolsViewController.m; sourceTree = "<group>"; };
		88276FB31BADBB2F002886B4 /* DMLNoCarpoolsViewController.xib */ = {isa = PBXFileReference; fileEncoding = 4; lastKnownFileType = file.xib; path = DMLNoCarpoolsViewController.xib; sourceTree = "<group>"; };
		88276FB61BADBB79002886B4 /* DMLCarpoolListViewController.h */ = {isa = PBXFileReference; fileEncoding = 4; lastKnownFileType = sourcecode.c.h; path = DMLCarpoolListViewController.h; sourceTree = "<group>"; };
		88276FB71BADBB79002886B4 /* DMLCarpoolListViewController.m */ = {isa = PBXFileReference; fileEncoding = 4; lastKnownFileType = sourcecode.c.objc; path = DMLCarpoolListViewController.m; sourceTree = "<group>"; };
		88276FB81BADBB79002886B4 /* DMLCarpoolListViewController.xib */ = {isa = PBXFileReference; fileEncoding = 4; lastKnownFileType = file.xib; path = DMLCarpoolListViewController.xib; sourceTree = "<group>"; };
		88276FBB1BADBBB5002886B4 /* DMLEnRouteViewController.h */ = {isa = PBXFileReference; fileEncoding = 4; lastKnownFileType = sourcecode.c.h; path = DMLEnRouteViewController.h; sourceTree = "<group>"; };
		88276FBC1BADBBB5002886B4 /* DMLEnRouteViewController.m */ = {isa = PBXFileReference; fileEncoding = 4; lastKnownFileType = sourcecode.c.objc; path = DMLEnRouteViewController.m; sourceTree = "<group>"; };
		88276FBD1BADBBB5002886B4 /* DMLEnRouteViewController.xib */ = {isa = PBXFileReference; fileEncoding = 4; lastKnownFileType = file.xib; path = DMLEnRouteViewController.xib; sourceTree = "<group>"; };
		88276FC61BADD6FF002886B4 /* DMLJoinViewController.h */ = {isa = PBXFileReference; fileEncoding = 4; lastKnownFileType = sourcecode.c.h; name = DMLJoinViewController.h; path = "Carpool Creation and Join/DMLJoinViewController.h"; sourceTree = "<group>"; };
		88276FC71BADD6FF002886B4 /* DMLJoinViewController.m */ = {isa = PBXFileReference; fileEncoding = 4; lastKnownFileType = sourcecode.c.objc; name = DMLJoinViewController.m; path = "Carpool Creation and Join/DMLJoinViewController.m"; sourceTree = "<group>"; };
		88276FC81BADD6FF002886B4 /* DMLJoinViewController.xib */ = {isa = PBXFileReference; fileEncoding = 4; lastKnownFileType = file.xib; name = DMLJoinViewController.xib; path = "Carpool Creation and Join/DMLJoinViewController.xib"; sourceTree = "<group>"; };
		88276FCB1BADD71A002886B4 /* DMLCreateCarpoolViewController.h */ = {isa = PBXFileReference; fileEncoding = 4; lastKnownFileType = sourcecode.c.h; name = DMLCreateCarpoolViewController.h; path = "Carpool Creation and Join/DMLCreateCarpoolViewController.h"; sourceTree = "<group>"; };
		88276FCC1BADD71A002886B4 /* DMLCreateCarpoolViewController.m */ = {isa = PBXFileReference; fileEncoding = 4; lastKnownFileType = sourcecode.c.objc; name = DMLCreateCarpoolViewController.m; path = "Carpool Creation and Join/DMLCreateCarpoolViewController.m"; sourceTree = "<group>"; };
		88276FCD1BADD71A002886B4 /* DMLCreateCarpoolViewController.xib */ = {isa = PBXFileReference; fileEncoding = 4; lastKnownFileType = file.xib; name = DMLCreateCarpoolViewController.xib; path = "Carpool Creation and Join/DMLCreateCarpoolViewController.xib"; sourceTree = "<group>"; };
		88276FD01BADD72D002886B4 /* DMLCarpoolCodeViewController.h */ = {isa = PBXFileReference; fileEncoding = 4; lastKnownFileType = sourcecode.c.h; name = DMLCarpoolCodeViewController.h; path = "Carpool Creation and Join/DMLCarpoolCodeViewController.h"; sourceTree = "<group>"; };
		88276FD11BADD72D002886B4 /* DMLCarpoolCodeViewController.m */ = {isa = PBXFileReference; fileEncoding = 4; lastKnownFileType = sourcecode.c.objc; name = DMLCarpoolCodeViewController.m; path = "Carpool Creation and Join/DMLCarpoolCodeViewController.m"; sourceTree = "<group>"; };
		88276FD21BADD72D002886B4 /* DMLCarpoolCodeViewController.xib */ = {isa = PBXFileReference; fileEncoding = 4; lastKnownFileType = file.xib; name = DMLCarpoolCodeViewController.xib; path = "Carpool Creation and Join/DMLCarpoolCodeViewController.xib"; sourceTree = "<group>"; };
		88276FD51BADF11B002886B4 /* DMLCarpoolDetailViewController.h */ = {isa = PBXFileReference; fileEncoding = 4; lastKnownFileType = sourcecode.c.h; path = DMLCarpoolDetailViewController.h; sourceTree = "<group>"; };
		88276FD61BADF11B002886B4 /* DMLCarpoolDetailViewController.m */ = {isa = PBXFileReference; fileEncoding = 4; lastKnownFileType = sourcecode.c.objc; path = DMLCarpoolDetailViewController.m; sourceTree = "<group>"; };
		88276FE71BADF5C7002886B4 /* DMLCodeTableViewCell.h */ = {isa = PBXFileReference; fileEncoding = 4; lastKnownFileType = sourcecode.c.h; name = DMLCodeTableViewCell.h; path = "Carpool Cells/DMLCodeTableViewCell.h"; sourceTree = "<group>"; };
		88276FE81BADF5C7002886B4 /* DMLCodeTableViewCell.m */ = {isa = PBXFileReference; fileEncoding = 4; lastKnownFileType = sourcecode.c.objc; name = DMLCodeTableViewCell.m; path = "Carpool Cells/DMLCodeTableViewCell.m"; sourceTree = "<group>"; };
		88276FE91BADF5C7002886B4 /* DMLCodeTableViewCell.xib */ = {isa = PBXFileReference; fileEncoding = 4; lastKnownFileType = file.xib; name = DMLCodeTableViewCell.xib; path = "Carpool Cells/DMLCodeTableViewCell.xib"; sourceTree = "<group>"; };
		88276FEC1BADF5E4002886B4 /* DMLOpenTableViewCell.h */ = {isa = PBXFileReference; fileEncoding = 4; lastKnownFileType = sourcecode.c.h; name = DMLOpenTableViewCell.h; path = "Carpool Cells/DMLOpenTableViewCell.h"; sourceTree = "<group>"; };
		88276FED1BADF5E4002886B4 /* DMLOpenTableViewCell.m */ = {isa = PBXFileReference; fileEncoding = 4; lastKnownFileType = sourcecode.c.objc; name = DMLOpenTableViewCell.m; path = "Carpool Cells/DMLOpenTableViewCell.m"; sourceTree = "<group>"; };
		88276FEE1BADF5E4002886B4 /* DMLOpenTableViewCell.xib */ = {isa = PBXFileReference; fileEncoding = 4; lastKnownFileType = file.xib; name = DMLOpenTableViewCell.xib; path = "Carpool Cells/DMLOpenTableViewCell.xib"; sourceTree = "<group>"; };
		88276FEF1BADF5E4002886B4 /* DMLPassengerTableViewCell.h */ = {isa = PBXFileReference; fileEncoding = 4; lastKnownFileType = sourcecode.c.h; name = DMLPassengerTableViewCell.h; path = "Carpool Cells/DMLPassengerTableViewCell.h"; sourceTree = "<group>"; };
		88276FF01BADF5E4002886B4 /* DMLPassengerTableViewCell.m */ = {isa = PBXFileReference; fileEncoding = 4; lastKnownFileType = sourcecode.c.objc; name = DMLPassengerTableViewCell.m; path = "Carpool Cells/DMLPassengerTableViewCell.m"; sourceTree = "<group>"; };
		88276FF11BADF5E4002886B4 /* DMLPassengerTableViewCell.xib */ = {isa = PBXFileReference; fileEncoding = 4; lastKnownFileType = file.xib; name = DMLPassengerTableViewCell.xib; path = "Carpool Cells/DMLPassengerTableViewCell.xib"; sourceTree = "<group>"; };
		88276FF91BAE32E7002886B4 /* DMLCarpoolTableViewCell.h */ = {isa = PBXFileReference; fileEncoding = 4; lastKnownFileType = sourcecode.c.h; path = DMLCarpoolTableViewCell.h; sourceTree = "<group>"; };
		88276FFA1BAE32E7002886B4 /* DMLCarpoolTableViewCell.m */ = {isa = PBXFileReference; fileEncoding = 4; lastKnownFileType = sourcecode.c.objc; path = DMLCarpoolTableViewCell.m; sourceTree = "<group>"; };
		88276FFB1BAE32E7002886B4 /* DMLCarpoolTableViewCell.xib */ = {isa = PBXFileReference; fileEncoding = 4; lastKnownFileType = file.xib; path = DMLCarpoolTableViewCell.xib; sourceTree = "<group>"; };
		93022CA01BAD1E7C0032D284 /* Diamond Lane.app */ = {isa = PBXFileReference; explicitFileType = wrapper.application; includeInIndex = 0; path = "Diamond Lane.app"; sourceTree = BUILT_PRODUCTS_DIR; };
		93022CC11BAD202A0032D284 /* AppDelegate.h */ = {isa = PBXFileReference; fileEncoding = 4; lastKnownFileType = sourcecode.c.h; path = AppDelegate.h; sourceTree = "<group>"; };
		93022CC21BAD202A0032D284 /* AppDelegate.m */ = {isa = PBXFileReference; fileEncoding = 4; lastKnownFileType = sourcecode.c.objc; path = AppDelegate.m; sourceTree = "<group>"; };
		93022CC31BAD202A0032D284 /* Assets.xcassets */ = {isa = PBXFileReference; lastKnownFileType = folder.assetcatalog; path = Assets.xcassets; sourceTree = "<group>"; };
		93022CC51BAD202A0032D284 /* Info.plist */ = {isa = PBXFileReference; fileEncoding = 4; lastKnownFileType = text.plist.xml; path = Info.plist; sourceTree = "<group>"; };
		93022CC61BAD202A0032D284 /* main.m */ = {isa = PBXFileReference; fileEncoding = 4; lastKnownFileType = sourcecode.c.objc; path = main.m; sourceTree = "<group>"; };
		93022CC71BAD202A0032D284 /* ViewController.h */ = {isa = PBXFileReference; fileEncoding = 4; lastKnownFileType = sourcecode.c.h; path = ViewController.h; sourceTree = "<group>"; };
		93022CC81BAD202A0032D284 /* ViewController.m */ = {isa = PBXFileReference; fileEncoding = 4; lastKnownFileType = sourcecode.c.objc; path = ViewController.m; sourceTree = "<group>"; };
		930687461BAD336100B8F3AC /* LaunchScreen.storyboard */ = {isa = PBXFileReference; fileEncoding = 4; lastKnownFileType = file.storyboard; path = LaunchScreen.storyboard; sourceTree = "<group>"; };
		934EBEEA1BADBD9700E0B56B /* DMLModel.h */ = {isa = PBXFileReference; fileEncoding = 4; lastKnownFileType = sourcecode.c.h; path = DMLModel.h; sourceTree = "<group>"; };
		934EBEEE1BADBE0D00E0B56B /* DMLObjectStore.h */ = {isa = PBXFileReference; fileEncoding = 4; lastKnownFileType = sourcecode.c.h; path = DMLObjectStore.h; sourceTree = "<group>"; };
		934EBEEF1BADBE0D00E0B56B /* DMLObjectStore.m */ = {isa = PBXFileReference; fileEncoding = 4; lastKnownFileType = sourcecode.c.objc; path = DMLObjectStore.m; sourceTree = "<group>"; };
		934EBEF11BADC03900E0B56B /* DMLModel+Updates.h */ = {isa = PBXFileReference; fileEncoding = 4; lastKnownFileType = sourcecode.c.h; path = "DMLModel+Updates.h"; sourceTree = "<group>"; };
		934EBEF21BADC03900E0B56B /* DMLModel+Updates.m */ = {isa = PBXFileReference; fileEncoding = 4; lastKnownFileType = sourcecode.c.objc; path = "DMLModel+Updates.m"; sourceTree = "<group>"; };
		934EBEF51BADC3C800E0B56B /* DMLNotificationManager.h */ = {isa = PBXFileReference; fileEncoding = 4; lastKnownFileType = sourcecode.c.h; path = DMLNotificationManager.h; sourceTree = "<group>"; };
		934EBEF61BADC3C800E0B56B /* DMLNotificationManager.m */ = {isa = PBXFileReference; fileEncoding = 4; lastKnownFileType = sourcecode.c.objc; path = DMLNotificationManager.m; sourceTree = "<group>"; };
		934EBEF81BADDE5800E0B56B /* DMLJSONResponseSerializer.h */ = {isa = PBXFileReference; fileEncoding = 4; lastKnownFileType = sourcecode.c.h; path = DMLJSONResponseSerializer.h; sourceTree = "<group>"; };
		934EBEF91BADDE5800E0B56B /* DMLJSONResponseSerializer.m */ = {isa = PBXFileReference; fileEncoding = 4; lastKnownFileType = sourcecode.c.objc; path = DMLJSONResponseSerializer.m; sourceTree = "<group>"; };
		934EBEFB1BADE0AF00E0B56B /* DMLDEBUG.h */ = {isa = PBXFileReference; lastKnownFileType = sourcecode.c.h; path = DMLDEBUG.h; sourceTree = "<group>"; };
		934EBF011BADF05E00E0B56B /* DMLCarpool.h */ = {isa = PBXFileReference; fileEncoding = 4; lastKnownFileType = sourcecode.c.h; path = DMLCarpool.h; sourceTree = "<group>"; };
		934EBF021BADF05E00E0B56B /* DMLCarpool.m */ = {isa = PBXFileReference; fileEncoding = 4; lastKnownFileType = sourcecode.c.objc; path = DMLCarpool.m; sourceTree = "<group>"; };
		935E7D591BAD2644008F5451 /* DMLHomeViewController.h */ = {isa = PBXFileReference; fileEncoding = 4; lastKnownFileType = sourcecode.c.h; path = DMLHomeViewController.h; sourceTree = "<group>"; };
		935E7D5A1BAD2644008F5451 /* DMLHomeViewController.m */ = {isa = PBXFileReference; fileEncoding = 4; lastKnownFileType = sourcecode.c.objc; path = DMLHomeViewController.m; sourceTree = "<group>"; };
		935E7D5D1BAD2739008F5451 /* DMLHTTPRequestOperationManager.h */ = {isa = PBXFileReference; fileEncoding = 4; lastKnownFileType = sourcecode.c.h; path = DMLHTTPRequestOperationManager.h; sourceTree = "<group>"; };
		935E7D5E1BAD2739008F5451 /* DMLHTTPRequestOperationManager.m */ = {isa = PBXFileReference; fileEncoding = 4; lastKnownFileType = sourcecode.c.objc; path = DMLHTTPRequestOperationManager.m; sourceTree = "<group>"; };
		935E7D601BAD27D7008F5451 /* PrefixHeader.pch */ = {isa = PBXFileReference; lastKnownFileType = sourcecode.c.h; path = PrefixHeader.pch; sourceTree = "<group>"; };
		9396BA0E1BAD34CA0088AA93 /* DMLOnboardingViewController.h */ = {isa = PBXFileReference; fileEncoding = 4; lastKnownFileType = sourcecode.c.h; path = DMLOnboardingViewController.h; sourceTree = "<group>"; };
		9396BA0F1BAD34CA0088AA93 /* DMLOnboardingViewController.m */ = {isa = PBXFileReference; fileEncoding = 4; lastKnownFileType = sourcecode.c.objc; path = DMLOnboardingViewController.m; sourceTree = "<group>"; };
		9396BA111BAD34D70088AA93 /* DMLOnboardingNameViewController.h */ = {isa = PBXFileReference; fileEncoding = 4; lastKnownFileType = sourcecode.c.h; path = DMLOnboardingNameViewController.h; sourceTree = "<group>"; };
		9396BA121BAD34D70088AA93 /* DMLOnboardingNameViewController.m */ = {isa = PBXFileReference; fileEncoding = 4; lastKnownFileType = sourcecode.c.objc; path = DMLOnboardingNameViewController.m; sourceTree = "<group>"; };
		9396BA151BAD34F20088AA93 /* DMLSplashViewController.h */ = {isa = PBXFileReference; fileEncoding = 4; lastKnownFileType = sourcecode.c.h; path = DMLSplashViewController.h; sourceTree = "<group>"; };
		9396BA161BAD34F20088AA93 /* DMLSplashViewController.m */ = {isa = PBXFileReference; fileEncoding = 4; lastKnownFileType = sourcecode.c.objc; path = DMLSplashViewController.m; sourceTree = "<group>"; };
		93A3A0B71BAD20A400391C98 /* UIColor+DiamondLane.h */ = {isa = PBXFileReference; fileEncoding = 4; lastKnownFileType = sourcecode.c.h; path = "UIColor+DiamondLane.h"; sourceTree = "<group>"; };
		93A3A0B81BAD20A400391C98 /* UIColor+DiamondLane.m */ = {isa = PBXFileReference; fileEncoding = 4; lastKnownFileType = sourcecode.c.objc; path = "UIColor+DiamondLane.m"; sourceTree = "<group>"; };
		93A3A0BA1BAD20D600391C98 /* DMLUser.h */ = {isa = PBXFileReference; fileEncoding = 4; lastKnownFileType = sourcecode.c.h; path = DMLUser.h; sourceTree = "<group>"; };
		93A3A0BB1BAD20D600391C98 /* DMLUser.m */ = {isa = PBXFileReference; fileEncoding = 4; lastKnownFileType = sourcecode.c.objc; path = DMLUser.m; sourceTree = "<group>"; };
		D4BFCD4BDCE368324B626E0C /* Pods.debug.xcconfig */ = {isa = PBXFileReference; includeInIndex = 1; lastKnownFileType = text.xcconfig; name = Pods.debug.xcconfig; path = "Pods/Target Support Files/Pods/Pods.debug.xcconfig"; sourceTree = "<group>"; };
/* End PBXFileReference section */

/* Begin PBXFrameworksBuildPhase section */
		93022C9D1BAD1E7C0032D284 /* Frameworks */ = {
			isa = PBXFrameworksBuildPhase;
			buildActionMask = 2147483647;
			files = (
				493415DF962F52BCBD604F0D /* libPods.a in Frameworks */,
			);
			runOnlyForDeploymentPostprocessing = 0;
		};
/* End PBXFrameworksBuildPhase section */

/* Begin PBXGroup section */
		686DBD39FBCE467CA3BE6F51 /* Pods */ = {
			isa = PBXGroup;
			children = (
				D4BFCD4BDCE368324B626E0C /* Pods.debug.xcconfig */,
				87318828D118BB35F1F08B28 /* Pods.release.xcconfig */,
			);
			name = Pods;
			sourceTree = "<group>";
		};
		88276F9E1BAD5072002886B4 /* Location */ = {
			isa = PBXGroup;
			children = (
				88276FA61BAD9D35002886B4 /* DMLLocationManager.h */,
				88276FA71BAD9D35002886B4 /* DMLLocationManager.m */,
			);
			name = Location;
			sourceTree = "<group>";
		};
		88276FA51BAD9D0E002886B4 /* Keychain */ = {
			isa = PBXGroup;
			children = (
				88276FA91BAD9DCD002886B4 /* DMLKeychainManager.h */,
				88276FAA1BAD9DCD002886B4 /* DMLKeychainManager.m */,
			);
			name = Keychain;
			sourceTree = "<group>";
		};
		88276FC01BADD69B002886B4 /* Carpool Creation and Join */ = {
			isa = PBXGroup;
			children = (
				88276FC61BADD6FF002886B4 /* DMLJoinViewController.h */,
				88276FC71BADD6FF002886B4 /* DMLJoinViewController.m */,
				88276FC81BADD6FF002886B4 /* DMLJoinViewController.xib */,
				88276FCB1BADD71A002886B4 /* DMLCreateCarpoolViewController.h */,
				88276FCC1BADD71A002886B4 /* DMLCreateCarpoolViewController.m */,
				88276FCD1BADD71A002886B4 /* DMLCreateCarpoolViewController.xib */,
				88276FD01BADD72D002886B4 /* DMLCarpoolCodeViewController.h */,
				88276FD11BADD72D002886B4 /* DMLCarpoolCodeViewController.m */,
				88276FD21BADD72D002886B4 /* DMLCarpoolCodeViewController.xib */,
			);
			name = "Carpool Creation and Join";
			sourceTree = "<group>";
		};
		88276FDA1BADF444002886B4 /* Carpool Cells */ = {
			isa = PBXGroup;
			children = (
				88276FEF1BADF5E4002886B4 /* DMLPassengerTableViewCell.h */,
				88276FF01BADF5E4002886B4 /* DMLPassengerTableViewCell.m */,
				88276FF11BADF5E4002886B4 /* DMLPassengerTableViewCell.xib */,
				88276FEC1BADF5E4002886B4 /* DMLOpenTableViewCell.h */,
				88276FED1BADF5E4002886B4 /* DMLOpenTableViewCell.m */,
				88276FEE1BADF5E4002886B4 /* DMLOpenTableViewCell.xib */,
				88276FE71BADF5C7002886B4 /* DMLCodeTableViewCell.h */,
				88276FE81BADF5C7002886B4 /* DMLCodeTableViewCell.m */,
				88276FE91BADF5C7002886B4 /* DMLCodeTableViewCell.xib */,
			);
			name = "Carpool Cells";
			sourceTree = "<group>";
		};
		93022C971BAD1E7C0032D284 = {
			isa = PBXGroup;
			children = (
				93022CA21BAD1E7C0032D284 /* Diamond Lane */,
				93022CA11BAD1E7C0032D284 /* Products */,
				686DBD39FBCE467CA3BE6F51 /* Pods */,
				B7C811707FCBD465D0C3629C /* Frameworks */,
			);
			sourceTree = "<group>";
		};
		93022CA11BAD1E7C0032D284 /* Products */ = {
			isa = PBXGroup;
			children = (
				93022CA01BAD1E7C0032D284 /* Diamond Lane.app */,
			);
			name = Products;
			sourceTree = "<group>";
		};
		93022CA21BAD1E7C0032D284 /* Diamond Lane */ = {
			isa = PBXGroup;
			children = (
				93022CBA1BAD1F920032D284 /* Models */,
				93022CBC1BAD1FA80032D284 /* Controllers */,
				93022CBB1BAD1F980032D284 /* Views */,
				93022CBD1BAD1FB40032D284 /* View Controllers */,
				93022CBE1BAD1FBD0032D284 /* Categories */,
				93022CC01BAD20010032D284 /* Supporting Files */,
			);
			path = "Diamond Lane";
			sourceTree = "<group>";
		};
		93022CBA1BAD1F920032D284 /* Models */ = {
			isa = PBXGroup;
			children = (
				934EBEEA1BADBD9700E0B56B /* DMLModel.h */,
				934EBEF11BADC03900E0B56B /* DMLModel+Updates.h */,
				934EBEF21BADC03900E0B56B /* DMLModel+Updates.m */,
				934EBF011BADF05E00E0B56B /* DMLCarpool.h */,
				934EBF021BADF05E00E0B56B /* DMLCarpool.m */,
				93A3A0BA1BAD20D600391C98 /* DMLUser.h */,
				93A3A0BB1BAD20D600391C98 /* DMLUser.m */,
			);
			path = Models;
			sourceTree = "<group>";
		};
		93022CBB1BAD1F980032D284 /* Views */ = {
			isa = PBXGroup;
			children = (
			);
			path = Views;
			sourceTree = "<group>";
		};
		93022CBC1BAD1FA80032D284 /* Controllers */ = {
			isa = PBXGroup;
			children = (
				88276FA51BAD9D0E002886B4 /* Keychain */,
				88276F9E1BAD5072002886B4 /* Location */,
				935E7D5C1BAD26CC008F5451 /* Network */,
				934EBEF41BADC39900E0B56B /* Notifications */,
				934EBEED1BADBDF700E0B56B /* Object Store */,
			);
			path = Controllers;
			sourceTree = "<group>";
		};
		93022CBD1BAD1FB40032D284 /* View Controllers */ = {
			isa = PBXGroup;
			children = (
				935E7D581BAD2598008F5451 /* Home View Controller */,
				9396BA0D1BAD34A90088AA93 /* Onboarding View Controller */,
				9396BA141BAD34DA0088AA93 /* Splash View Controller */,
			);
			path = "View Controllers";
			sourceTree = "<group>";
		};
		93022CBE1BAD1FBD0032D284 /* Categories */ = {
			isa = PBXGroup;
			children = (
				93A3A0B71BAD20A400391C98 /* UIColor+DiamondLane.h */,
				93A3A0B81BAD20A400391C98 /* UIColor+DiamondLane.m */,
			);
			path = Categories;
			sourceTree = "<group>";
		};
		93022CC01BAD20010032D284 /* Supporting Files */ = {
			isa = PBXGroup;
			children = (
				930687451BAD334A00B8F3AC /* Storyboards */,
				93022CC71BAD202A0032D284 /* ViewController.h */,
				93022CC81BAD202A0032D284 /* ViewController.m */,
				93022CC11BAD202A0032D284 /* AppDelegate.h */,
				93022CC21BAD202A0032D284 /* AppDelegate.m */,
				93022CC31BAD202A0032D284 /* Assets.xcassets */,
				93022CC51BAD202A0032D284 /* Info.plist */,
				93022CC61BAD202A0032D284 /* main.m */,
				935E7D601BAD27D7008F5451 /* PrefixHeader.pch */,
				934EBEFB1BADE0AF00E0B56B /* DMLDEBUG.h */,
			);
			path = "Supporting Files";
			sourceTree = "<group>";
		};
		930687451BAD334A00B8F3AC /* Storyboards */ = {
			isa = PBXGroup;
			children = (
				930687461BAD336100B8F3AC /* LaunchScreen.storyboard */,
			);
			path = Storyboards;
			sourceTree = "<group>";
		};
		934EBEED1BADBDF700E0B56B /* Object Store */ = {
			isa = PBXGroup;
			children = (
				934EBEEE1BADBE0D00E0B56B /* DMLObjectStore.h */,
				934EBEEF1BADBE0D00E0B56B /* DMLObjectStore.m */,
			);
			path = "Object Store";
			sourceTree = "<group>";
		};
		934EBEF41BADC39900E0B56B /* Notifications */ = {
			isa = PBXGroup;
			children = (
				934EBEF51BADC3C800E0B56B /* DMLNotificationManager.h */,
				934EBEF61BADC3C800E0B56B /* DMLNotificationManager.m */,
			);
			path = Notifications;
			sourceTree = "<group>";
		};
		934EBEFD1BADEF8A00E0B56B /* Cells */ = {
			isa = PBXGroup;
			children = (
				88276FF91BAE32E7002886B4 /* DMLCarpoolTableViewCell.h */,
				88276FFA1BAE32E7002886B4 /* DMLCarpoolTableViewCell.m */,
				88276FFB1BAE32E7002886B4 /* DMLCarpoolTableViewCell.xib */,
			);
			path = Cells;
			sourceTree = "<group>";
		};
		935E7D581BAD2598008F5451 /* Home View Controller */ = {
			isa = PBXGroup;
			children = (
				934EBEFD1BADEF8A00E0B56B /* Cells */,
				88276FC01BADD69B002886B4 /* Carpool Creation and Join */,
				935E7D591BAD2644008F5451 /* DMLHomeViewController.h */,
				935E7D5A1BAD2644008F5451 /* DMLHomeViewController.m */,
				88276FB11BADBB2F002886B4 /* DMLNoCarpoolsViewController.h */,
				88276FB21BADBB2F002886B4 /* DMLNoCarpoolsViewController.m */,
				88276FB31BADBB2F002886B4 /* DMLNoCarpoolsViewController.xib */,
				88276FB61BADBB79002886B4 /* DMLCarpoolListViewController.h */,
				88276FB71BADBB79002886B4 /* DMLCarpoolListViewController.m */,
				88276FB81BADBB79002886B4 /* DMLCarpoolListViewController.xib */,
				88276FD51BADF11B002886B4 /* DMLCarpoolDetailViewController.h */,
				88276FD61BADF11B002886B4 /* DMLCarpoolDetailViewController.m */,
				88276FDA1BADF444002886B4 /* Carpool Cells */,
				88276FBB1BADBBB5002886B4 /* DMLEnRouteViewController.h */,
				88276FBC1BADBBB5002886B4 /* DMLEnRouteViewController.m */,
				88276FBD1BADBBB5002886B4 /* DMLEnRouteViewController.xib */,
			);
			path = "Home View Controller";
			sourceTree = "<group>";
		};
		935E7D5C1BAD26CC008F5451 /* Network */ = {
			isa = PBXGroup;
			children = (
				935E7D5D1BAD2739008F5451 /* DMLHTTPRequestOperationManager.h */,
				935E7D5E1BAD2739008F5451 /* DMLHTTPRequestOperationManager.m */,
				934EBEF81BADDE5800E0B56B /* DMLJSONResponseSerializer.h */,
				934EBEF91BADDE5800E0B56B /* DMLJSONResponseSerializer.m */,
			);
			path = Network;
			sourceTree = "<group>";
		};
		9396BA0D1BAD34A90088AA93 /* Onboarding View Controller */ = {
			isa = PBXGroup;
			children = (
				9396BA0E1BAD34CA0088AA93 /* DMLOnboardingViewController.h */,
				9396BA0F1BAD34CA0088AA93 /* DMLOnboardingViewController.m */,
				88276FAD1BADA81C002886B4 /* DMLOnboardingViewController.xib */,
				9396BA111BAD34D70088AA93 /* DMLOnboardingNameViewController.h */,
				9396BA121BAD34D70088AA93 /* DMLOnboardingNameViewController.m */,
				88276FAF1BADA831002886B4 /* DMLOnboardingNameViewController.xib */,
				741BEFCC1BADB69000D819FF /* DMLOnboardingEnablerViewController.h */,
				741BEFCD1BADB69000D819FF /* DMLOnboardingEnablerViewController.m */,
				741BEFCE1BADB69000D819FF /* DMLOnboardingEnablerViewController.xib */,
			);
			path = "Onboarding View Controller";
			sourceTree = "<group>";
		};
		9396BA141BAD34DA0088AA93 /* Splash View Controller */ = {
			isa = PBXGroup;
			children = (
				9396BA151BAD34F20088AA93 /* DMLSplashViewController.h */,
				9396BA161BAD34F20088AA93 /* DMLSplashViewController.m */,
			);
			path = "Splash View Controller";
			sourceTree = "<group>";
		};
		B7C811707FCBD465D0C3629C /* Frameworks */ = {
			isa = PBXGroup;
			children = (
				667724B483AFC2DF1DFCB3D7 /* libPods.a */,
			);
			name = Frameworks;
			sourceTree = "<group>";
		};
/* End PBXGroup section */

/* Begin PBXNativeTarget section */
		93022C9F1BAD1E7C0032D284 /* Diamond Lane */ = {
			isa = PBXNativeTarget;
			buildConfigurationList = 93022CB71BAD1E7C0032D284 /* Build configuration list for PBXNativeTarget "Diamond Lane" */;
			buildPhases = (
				3CC84AAAEF833731FD7BAE01 /* Check Pods Manifest.lock */,
				93022C9C1BAD1E7C0032D284 /* Sources */,
				93022C9D1BAD1E7C0032D284 /* Frameworks */,
				93022C9E1BAD1E7C0032D284 /* Resources */,
				D4532B48B315B4F5FD361002 /* Copy Pods Resources */,
			);
			buildRules = (
			);
			dependencies = (
			);
			name = "Diamond Lane";
			productName = "Diamond Lane";
			productReference = 93022CA01BAD1E7C0032D284 /* Diamond Lane.app */;
			productType = "com.apple.product-type.application";
		};
/* End PBXNativeTarget section */

/* Begin PBXProject section */
		93022C981BAD1E7C0032D284 /* Project object */ = {
			isa = PBXProject;
			attributes = {
				CLASSPREFIX = DML;
				LastUpgradeCheck = 0700;
				ORGANIZATIONNAME = "CS Boys";
				TargetAttributes = {
					93022C9F1BAD1E7C0032D284 = {
						CreatedOnToolsVersion = 7.0;
					};
				};
			};
			buildConfigurationList = 93022C9B1BAD1E7C0032D284 /* Build configuration list for PBXProject "Diamond Lane" */;
			compatibilityVersion = "Xcode 3.2";
			developmentRegion = English;
			hasScannedForEncodings = 0;
			knownRegions = (
				en,
				Base,
			);
			mainGroup = 93022C971BAD1E7C0032D284;
			productRefGroup = 93022CA11BAD1E7C0032D284 /* Products */;
			projectDirPath = "";
			projectRoot = "";
			targets = (
				93022C9F1BAD1E7C0032D284 /* Diamond Lane */,
			);
		};
/* End PBXProject section */

/* Begin PBXResourcesBuildPhase section */
		93022C9E1BAD1E7C0032D284 /* Resources */ = {
			isa = PBXResourcesBuildPhase;
			buildActionMask = 2147483647;
			files = (
				88276FEB1BADF5C7002886B4 /* DMLCodeTableViewCell.xib in Resources */,
				88276FBA1BADBB79002886B4 /* DMLCarpoolListViewController.xib in Resources */,
				88276FCF1BADD71A002886B4 /* DMLCreateCarpoolViewController.xib in Resources */,
				930687481BAD336100B8F3AC /* LaunchScreen.storyboard in Resources */,
				88276FFD1BAE32E7002886B4 /* DMLCarpoolTableViewCell.xib in Resources */,
				88276FAE1BADA81C002886B4 /* DMLOnboardingViewController.xib in Resources */,
				741BEFD01BADB69000D819FF /* DMLOnboardingEnablerViewController.xib in Resources */,
				93022CCA1BAD202A0032D284 /* Assets.xcassets in Resources */,
				88276FF51BADF5E4002886B4 /* DMLPassengerTableViewCell.xib in Resources */,
				88276FB01BADA831002886B4 /* DMLOnboardingNameViewController.xib in Resources */,
				88276FD41BADD72D002886B4 /* DMLCarpoolCodeViewController.xib in Resources */,
				88276FF31BADF5E4002886B4 /* DMLOpenTableViewCell.xib in Resources */,
				88276FBF1BADBBB5002886B4 /* DMLEnRouteViewController.xib in Resources */,
				88276FCA1BADD6FF002886B4 /* DMLJoinViewController.xib in Resources */,
				88276FB51BADBB2F002886B4 /* DMLNoCarpoolsViewController.xib in Resources */,
			);
			runOnlyForDeploymentPostprocessing = 0;
		};
/* End PBXResourcesBuildPhase section */

/* Begin PBXShellScriptBuildPhase section */
		3CC84AAAEF833731FD7BAE01 /* Check Pods Manifest.lock */ = {
			isa = PBXShellScriptBuildPhase;
			buildActionMask = 2147483647;
			files = (
			);
			inputPaths = (
			);
			name = "Check Pods Manifest.lock";
			outputPaths = (
			);
			runOnlyForDeploymentPostprocessing = 0;
			shellPath = /bin/sh;
			shellScript = "diff \"${PODS_ROOT}/../Podfile.lock\" \"${PODS_ROOT}/Manifest.lock\" > /dev/null\nif [[ $? != 0 ]] ; then\n    cat << EOM\nerror: The sandbox is not in sync with the Podfile.lock. Run 'pod install' or update your CocoaPods installation.\nEOM\n    exit 1\nfi\n";
			showEnvVarsInLog = 0;
		};
		D4532B48B315B4F5FD361002 /* Copy Pods Resources */ = {
			isa = PBXShellScriptBuildPhase;
			buildActionMask = 2147483647;
			files = (
			);
			inputPaths = (
			);
			name = "Copy Pods Resources";
			outputPaths = (
			);
			runOnlyForDeploymentPostprocessing = 0;
			shellPath = /bin/sh;
			shellScript = "\"${SRCROOT}/Pods/Target Support Files/Pods/Pods-resources.sh\"\n";
			showEnvVarsInLog = 0;
		};
/* End PBXShellScriptBuildPhase section */

/* Begin PBXSourcesBuildPhase section */
		93022C9C1BAD1E7C0032D284 /* Sources */ = {
			isa = PBXSourcesBuildPhase;
			buildActionMask = 2147483647;
			files = (
				88276FFC1BAE32E7002886B4 /* DMLCarpoolTableViewCell.m in Sources */,
				934EBEFC1BADEEF600E0B56B /* DMLKeychainManager.m in Sources */,
				88276FCE1BADD71A002886B4 /* DMLCreateCarpoolViewController.m in Sources */,
				935E7D5F1BAD2739008F5451 /* DMLHTTPRequestOperationManager.m in Sources */,
				93A3A0B91BAD20A400391C98 /* UIColor+DiamondLane.m in Sources */,
				934EBEF71BADC3C800E0B56B /* DMLNotificationManager.m in Sources */,
				93022CCE1BAD202A0032D284 /* ViewController.m in Sources */,
				93022CCD1BAD202A0032D284 /* main.m in Sources */,
				88276FBE1BADBBB5002886B4 /* DMLEnRouteViewController.m in Sources */,
				934EBEF31BADC03900E0B56B /* DMLModel+Updates.m in Sources */,
				9396BA131BAD34D70088AA93 /* DMLOnboardingNameViewController.m in Sources */,
				93A3A0BC1BAD20D600391C98 /* DMLUser.m in Sources */,
				93022CC91BAD202A0032D284 /* AppDelegate.m in Sources */,
				88276FEA1BADF5C7002886B4 /* DMLCodeTableViewCell.m in Sources */,
				934EBF031BADF05E00E0B56B /* DMLCarpool.m in Sources */,
				934EBEFA1BADDE5800E0B56B /* DMLJSONResponseSerializer.m in Sources */,
				88276FF41BADF5E4002886B4 /* DMLPassengerTableViewCell.m in Sources */,
				741BEFCF1BADB69000D819FF /* DMLOnboardingEnablerViewController.m in Sources */,
				88276FF21BADF5E4002886B4 /* DMLOpenTableViewCell.m in Sources */,
				934EBEF01BADBE0D00E0B56B /* DMLObjectStore.m in Sources */,
				9396BA171BAD34F20088AA93 /* DMLSplashViewController.m in Sources */,
				88276FA81BAD9D35002886B4 /* DMLLocationManager.m in Sources */,
				88276FC91BADD6FF002886B4 /* DMLJoinViewController.m in Sources */,
				88276FD81BADF11B002886B4 /* DMLCarpoolDetailViewController.m in Sources */,
				935E7D5B1BAD2644008F5451 /* DMLHomeViewController.m in Sources */,
				9396BA101BAD34CA0088AA93 /* DMLOnboardingViewController.m in Sources */,
				88276FB41BADBB2F002886B4 /* DMLNoCarpoolsViewController.m in Sources */,
				88276FD31BADD72D002886B4 /* DMLCarpoolCodeViewController.m in Sources */,
				88276FB91BADBB79002886B4 /* DMLCarpoolListViewController.m in Sources */,
			);
			runOnlyForDeploymentPostprocessing = 0;
		};
/* End PBXSourcesBuildPhase section */

/* Begin XCBuildConfiguration section */
		93022CB51BAD1E7C0032D284 /* Debug */ = {
			isa = XCBuildConfiguration;
			buildSettings = {
				ALWAYS_SEARCH_USER_PATHS = NO;
				CLANG_CXX_LANGUAGE_STANDARD = "gnu++0x";
				CLANG_CXX_LIBRARY = "libc++";
				CLANG_ENABLE_MODULES = YES;
				CLANG_ENABLE_OBJC_ARC = YES;
				CLANG_WARN_BOOL_CONVERSION = YES;
				CLANG_WARN_CONSTANT_CONVERSION = YES;
				CLANG_WARN_DIRECT_OBJC_ISA_USAGE = YES_ERROR;
				CLANG_WARN_EMPTY_BODY = YES;
				CLANG_WARN_ENUM_CONVERSION = YES;
				CLANG_WARN_INT_CONVERSION = YES;
				CLANG_WARN_OBJC_ROOT_CLASS = YES_ERROR;
				CLANG_WARN_UNREACHABLE_CODE = YES;
				CLANG_WARN__DUPLICATE_METHOD_MATCH = YES;
				"CODE_SIGN_IDENTITY[sdk=iphoneos*]" = "iPhone Developer";
				COPY_PHASE_STRIP = NO;
				DEBUG_INFORMATION_FORMAT = dwarf;
				ENABLE_STRICT_OBJC_MSGSEND = YES;
				ENABLE_TESTABILITY = YES;
				GCC_C_LANGUAGE_STANDARD = gnu99;
				GCC_DYNAMIC_NO_PIC = NO;
				GCC_NO_COMMON_BLOCKS = YES;
				GCC_OPTIMIZATION_LEVEL = 0;
				GCC_PREPROCESSOR_DEFINITIONS = (
					"DEBUG=1",
					"$(inherited)",
				);
				GCC_WARN_64_TO_32_BIT_CONVERSION = YES;
				GCC_WARN_ABOUT_RETURN_TYPE = YES_ERROR;
				GCC_WARN_UNDECLARED_SELECTOR = YES;
				GCC_WARN_UNINITIALIZED_AUTOS = YES_AGGRESSIVE;
				GCC_WARN_UNUSED_FUNCTION = YES;
				GCC_WARN_UNUSED_VARIABLE = YES;
				IPHONEOS_DEPLOYMENT_TARGET = 9.0;
				MTL_ENABLE_DEBUG_INFO = YES;
				ONLY_ACTIVE_ARCH = YES;
				SDKROOT = iphoneos;
			};
			name = Debug;
		};
		93022CB61BAD1E7C0032D284 /* Release */ = {
			isa = XCBuildConfiguration;
			buildSettings = {
				ALWAYS_SEARCH_USER_PATHS = NO;
				CLANG_CXX_LANGUAGE_STANDARD = "gnu++0x";
				CLANG_CXX_LIBRARY = "libc++";
				CLANG_ENABLE_MODULES = YES;
				CLANG_ENABLE_OBJC_ARC = YES;
				CLANG_WARN_BOOL_CONVERSION = YES;
				CLANG_WARN_CONSTANT_CONVERSION = YES;
				CLANG_WARN_DIRECT_OBJC_ISA_USAGE = YES_ERROR;
				CLANG_WARN_EMPTY_BODY = YES;
				CLANG_WARN_ENUM_CONVERSION = YES;
				CLANG_WARN_INT_CONVERSION = YES;
				CLANG_WARN_OBJC_ROOT_CLASS = YES_ERROR;
				CLANG_WARN_UNREACHABLE_CODE = YES;
				CLANG_WARN__DUPLICATE_METHOD_MATCH = YES;
				"CODE_SIGN_IDENTITY[sdk=iphoneos*]" = "iPhone Developer";
				COPY_PHASE_STRIP = NO;
				DEBUG_INFORMATION_FORMAT = "dwarf-with-dsym";
				ENABLE_NS_ASSERTIONS = NO;
				ENABLE_STRICT_OBJC_MSGSEND = YES;
				GCC_C_LANGUAGE_STANDARD = gnu99;
				GCC_NO_COMMON_BLOCKS = YES;
				GCC_WARN_64_TO_32_BIT_CONVERSION = YES;
				GCC_WARN_ABOUT_RETURN_TYPE = YES_ERROR;
				GCC_WARN_UNDECLARED_SELECTOR = YES;
				GCC_WARN_UNINITIALIZED_AUTOS = YES_AGGRESSIVE;
				GCC_WARN_UNUSED_FUNCTION = YES;
				GCC_WARN_UNUSED_VARIABLE = YES;
				IPHONEOS_DEPLOYMENT_TARGET = 9.0;
				MTL_ENABLE_DEBUG_INFO = NO;
				SDKROOT = iphoneos;
				VALIDATE_PRODUCT = YES;
			};
			name = Release;
		};
		93022CB81BAD1E7C0032D284 /* Debug */ = {
			isa = XCBuildConfiguration;
			baseConfigurationReference = D4BFCD4BDCE368324B626E0C /* Pods.debug.xcconfig */;
			buildSettings = {
				ASSETCATALOG_COMPILER_APPICON_NAME = AppIcon;
				GCC_PREFIX_HEADER = "$(PROJECT_DIR)/Diamond Lane/Supporting Files/PrefixHeader.pch";
				INFOPLIST_FILE = "$(SRCROOT)/Diamond Lane/Supporting Files/Info.plist";
				LD_RUNPATH_SEARCH_PATHS = "$(inherited) @executable_path/Frameworks";
				PRODUCT_BUNDLE_IDENTIFIER = co.diamondlaneapp.diamondlane;
				PRODUCT_NAME = "$(TARGET_NAME)";
			};
			name = Debug;
		};
		93022CB91BAD1E7C0032D284 /* Release */ = {
			isa = XCBuildConfiguration;
			baseConfigurationReference = 87318828D118BB35F1F08B28 /* Pods.release.xcconfig */;
			buildSettings = {
				ASSETCATALOG_COMPILER_APPICON_NAME = AppIcon;
				GCC_PREFIX_HEADER = "$(PROJECT_DIR)/Diamond Lane/Supporting Files/PrefixHeader.pch";
				INFOPLIST_FILE = "$(SRCROOT)/Diamond Lane/Supporting Files/Info.plist";
				LD_RUNPATH_SEARCH_PATHS = "$(inherited) @executable_path/Frameworks";
				PRODUCT_BUNDLE_IDENTIFIER = co.diamondlaneapp.diamondlane;
				PRODUCT_NAME = "$(TARGET_NAME)";
			};
			name = Release;
		};
/* End XCBuildConfiguration section */

/* Begin XCConfigurationList section */
		93022C9B1BAD1E7C0032D284 /* Build configuration list for PBXProject "Diamond Lane" */ = {
			isa = XCConfigurationList;
			buildConfigurations = (
				93022CB51BAD1E7C0032D284 /* Debug */,
				93022CB61BAD1E7C0032D284 /* Release */,
			);
			defaultConfigurationIsVisible = 0;
			defaultConfigurationName = Release;
		};
		93022CB71BAD1E7C0032D284 /* Build configuration list for PBXNativeTarget "Diamond Lane" */ = {
			isa = XCConfigurationList;
			buildConfigurations = (
				93022CB81BAD1E7C0032D284 /* Debug */,
				93022CB91BAD1E7C0032D284 /* Release */,
			);
			defaultConfigurationIsVisible = 0;
			defaultConfigurationName = Release;
		};
/* End XCConfigurationList section */
	};
	rootObject = 93022C981BAD1E7C0032D284 /* Project object */;
}
